
Microsoft Visual Studio Solution File, Format Version 12.00
# Visual Studio Version 17
VisualStudioVersion = 17.8.34227.203
MinimumVisualStudioVersion = 10.0.40219.1
Project("{FAE04EC0-301F-11D3-BF4B-00C04F79EFBC}") = "LeaderBoard.API", "LeaderBoard.API\LeaderBoard.API.csproj", "{8CC76AD0-836F-486F-AC3F-DD12581341B0}"
EndProject
Global
	GlobalSection(SolutionConfigurationPlatforms) = preSolution
		Debug|Any CPU = Debug|Any CPU
		Release|Any CPU = Release|Any CPU
	EndGlobalSection
	GlobalSection(ProjectConfigurationPlatforms) = postSolution
		{8CC76AD0-836F-486F-AC3F-DD12581341B0}.Debug|Any CPU.ActiveCfg = Debug|Any CPU
		{8CC76AD0-836F-486F-AC3F-DD12581341B0}.Debug|Any CPU.Build.0 = Debug|Any CPU
		{8CC76AD0-836F-486F-AC3F-DD12581341B0}.Release|Any CPU.ActiveCfg = Release|Any CPU
		{8CC76AD0-836F-486F-AC3F-DD12581341B0}.Release|Any CPU.Build.0 = Release|Any CPU
	EndGlobalSection
	GlobalSection(SolutionProperties) = preSolution
		HideSolutionNode = FALSE
	EndGlobalSection
	GlobalSection(ExtensibilityGlobals) = postSolution
		SolutionGuid = {A040A712-3072-4160-A826-26B4CCD74AA8}
	EndGlobalSection
EndGlobal
